
Microsoft Visual Studio Solution File, Format Version 12.00
# Visual Studio Version 17
VisualStudioVersion = 17.10.34928.147
MinimumVisualStudioVersion = 10.0.40219.1
Project("{FAE04EC0-301F-11D3-BF4B-00C04F79EFBC}") = "PerfectLoginSystem", "PerfectLoginSystem\PerfectLoginSystem.csproj", "{6570B3A3-AF1D-455E-83AB-77BB2EDD652C}"
EndProject
Global
	GlobalSection(SolutionConfigurationPlatforms) = preSolution
		Debug|Any CPU = Debug|Any CPU
		Release|Any CPU = Release|Any CPU
	EndGlobalSection
	GlobalSection(ProjectConfigurationPlatforms) = postSolution
		{6570B3A3-AF1D-455E-83AB-77BB2EDD652C}.Debug|Any CPU.ActiveCfg = Debug|Any CPU
		{6570B3A3-AF1D-455E-83AB-77BB2EDD652C}.Debug|Any CPU.Build.0 = Debug|Any CPU
		{6570B3A3-AF1D-455E-83AB-77BB2EDD652C}.Release|Any CPU.ActiveCfg = Release|Any CPU
		{6570B3A3-AF1D-455E-83AB-77BB2EDD652C}.Release|Any CPU.Build.0 = Release|Any CPU
	EndGlobalSection
	GlobalSection(SolutionProperties) = preSolution
		HideSolutionNode = FALSE
	EndGlobalSection
	GlobalSection(ExtensibilityGlobals) = postSolution
		SolutionGuid = {8B80C427-107B-4617-B6CF-A366A040A014}
	EndGlobalSection
EndGlobal
