
Microsoft Visual Studio Solution File, Format Version 12.00
# Visual Studio Version 17
VisualStudioVersion = 17.10.34928.147
MinimumVisualStudioVersion = 10.0.40219.1
Project("{FAE04EC0-301F-11D3-BF4B-00C04F79EFBC}") = "Task-1", "Task-1\Task-1.csproj", "{105EDF56-9275-4449-A425-675E85688D27}"
EndProject
Global
	GlobalSection(SolutionConfigurationPlatforms) = preSolution
		Debug|Any CPU = Debug|Any CPU
		Release|Any CPU = Release|Any CPU
	EndGlobalSection
	GlobalSection(ProjectConfigurationPlatforms) = postSolution
		{105EDF56-9275-4449-A425-675E85688D27}.Debug|Any CPU.ActiveCfg = Debug|Any CPU
		{105EDF56-9275-4449-A425-675E85688D27}.Debug|Any CPU.Build.0 = Debug|Any CPU
		{105EDF56-9275-4449-A425-675E85688D27}.Release|Any CPU.ActiveCfg = Release|Any CPU
		{105EDF56-9275-4449-A425-675E85688D27}.Release|Any CPU.Build.0 = Release|Any CPU
	EndGlobalSection
	GlobalSection(SolutionProperties) = preSolution
		HideSolutionNode = FALSE
	EndGlobalSection
	GlobalSection(ExtensibilityGlobals) = postSolution
		SolutionGuid = {F9E69943-D677-46B0-AB7D-7BEE7908C197}
	EndGlobalSection
EndGlobal
